
Microsoft Visual Studio Solution File, Format Version 12.00
# Visual Studio Version 17
VisualStudioVersion = 17.7.34024.191
MinimumVisualStudioVersion = 10.0.40219.1
Project("{FAE04EC0-301F-11D3-BF4B-00C04F79EFBC}") = "T2_VEGA_CHRIS", "T2_VEGA_CHRIS.csproj", "{E3D334D6-6D91-4214-80E4-1D232C044A83}"
EndProject
Global
	GlobalSection(SolutionConfigurationPlatforms) = preSolution
		Debug|Any CPU = Debug|Any CPU
		Release|Any CPU = Release|Any CPU
	EndGlobalSection
	GlobalSection(ProjectConfigurationPlatforms) = postSolution
		{E3D334D6-6D91-4214-80E4-1D232C044A83}.Debug|Any CPU.ActiveCfg = Debug|Any CPU
		{E3D334D6-6D91-4214-80E4-1D232C044A83}.Debug|Any CPU.Build.0 = Debug|Any CPU
		{E3D334D6-6D91-4214-80E4-1D232C044A83}.Release|Any CPU.ActiveCfg = Release|Any CPU
		{E3D334D6-6D91-4214-80E4-1D232C044A83}.Release|Any CPU.Build.0 = Release|Any CPU
	EndGlobalSection
	GlobalSection(SolutionProperties) = preSolution
		HideSolutionNode = FALSE
	EndGlobalSection
	GlobalSection(ExtensibilityGlobals) = postSolution
		SolutionGuid = {FE440DDB-8221-440B-9990-279EDE5E9A5B}
	EndGlobalSection
EndGlobal
